
Microsoft Visual Studio Solution File, Format Version 12.00
# Visual Studio Version 17
VisualStudioVersion = 17.11.35312.102
MinimumVisualStudioVersion = 10.0.40219.1
Project("{FAE04EC0-301F-11D3-BF4B-00C04F79EFBC}") = "TwoWay", "TwoWay\TwoWay.csproj", "{6DB13500-B7A4-4AB7-BE0D-F264E6B2627E}"
EndProject
Global
	GlobalSection(SolutionConfigurationPlatforms) = preSolution
		Debug|ARM = Debug|ARM
		Debug|ARM64 = Debug|ARM64
		Debug|x64 = Debug|x64
		Debug|x86 = Debug|x86
		Release|ARM = Release|ARM
		Release|ARM64 = Release|ARM64
		Release|x64 = Release|x64
		Release|x86 = Release|x86
	EndGlobalSection
	GlobalSection(ProjectConfigurationPlatforms) = postSolution
		{6DB13500-B7A4-4AB7-BE0D-F264E6B2627E}.Debug|ARM.ActiveCfg = Debug|ARM
		{6DB13500-B7A4-4AB7-BE0D-F264E6B2627E}.Debug|ARM.Build.0 = Debug|ARM
		{6DB13500-B7A4-4AB7-BE0D-F264E6B2627E}.Debug|ARM.Deploy.0 = Debug|ARM
		{6DB13500-B7A4-4AB7-BE0D-F264E6B2627E}.Debug|ARM64.ActiveCfg = Debug|ARM64
		{6DB13500-B7A4-4AB7-BE0D-F264E6B2627E}.Debug|ARM64.Build.0 = Debug|ARM64
		{6DB13500-B7A4-4AB7-BE0D-F264E6B2627E}.Debug|ARM64.Deploy.0 = Debug|ARM64
		{6DB13500-B7A4-4AB7-BE0D-F264E6B2627E}.Debug|x64.ActiveCfg = Debug|x64
		{6DB13500-B7A4-4AB7-BE0D-F264E6B2627E}.Debug|x64.Build.0 = Debug|x64
		{6DB13500-B7A4-4AB7-BE0D-F264E6B2627E}.Debug|x64.Deploy.0 = Debug|x64
		{6DB13500-B7A4-4AB7-BE0D-F264E6B2627E}.Debug|x86.ActiveCfg = Debug|x86
		{6DB13500-B7A4-4AB7-BE0D-F264E6B2627E}.Debug|x86.Build.0 = Debug|x86
		{6DB13500-B7A4-4AB7-BE0D-F264E6B2627E}.Debug|x86.Deploy.0 = Debug|x86
		{6DB13500-B7A4-4AB7-BE0D-F264E6B2627E}.Release|ARM.ActiveCfg = Release|ARM
		{6DB13500-B7A4-4AB7-BE0D-F264E6B2627E}.Release|ARM.Build.0 = Release|ARM
		{6DB13500-B7A4-4AB7-BE0D-F264E6B2627E}.Release|ARM.Deploy.0 = Release|ARM
		{6DB13500-B7A4-4AB7-BE0D-F264E6B2627E}.Release|ARM64.ActiveCfg = Release|ARM64
		{6DB13500-B7A4-4AB7-BE0D-F264E6B2627E}.Release|ARM64.Build.0 = Release|ARM64
		{6DB13500-B7A4-4AB7-BE0D-F264E6B2627E}.Release|ARM64.Deploy.0 = Release|ARM64
		{6DB13500-B7A4-4AB7-BE0D-F264E6B2627E}.Release|x64.ActiveCfg = Release|x64
		{6DB13500-B7A4-4AB7-BE0D-F264E6B2627E}.Release|x64.Build.0 = Release|x64
		{6DB13500-B7A4-4AB7-BE0D-F264E6B2627E}.Release|x64.Deploy.0 = Release|x64
		{6DB13500-B7A4-4AB7-BE0D-F264E6B2627E}.Release|x86.ActiveCfg = Release|x86
		{6DB13500-B7A4-4AB7-BE0D-F264E6B2627E}.Release|x86.Build.0 = Release|x86
		{6DB13500-B7A4-4AB7-BE0D-F264E6B2627E}.Release|x86.Deploy.0 = Release|x86
	EndGlobalSection
	GlobalSection(SolutionProperties) = preSolution
		HideSolutionNode = FALSE
	EndGlobalSection
	GlobalSection(ExtensibilityGlobals) = postSolution
		SolutionGuid = {EE5B934B-E78C-43F9-8061-F7DE8DDD30C1}
	EndGlobalSection
EndGlobal
